{
  "object": {
    "pins": [
      {
        "package": "kvKit.swift",
        "repositoryURL": "https://github.com/keyvariable/kvKit.swift.git",
        "state": {
          "branch": null,
          "revision": "d8095d6f9ce8c96d66d857cf836ed3190e7c3533",
          "version": "4.0.0"
        }
      }
    ]
  },
  "version": 1
}
