{
  "object": {
    "pins": [
      {
        "package": "kvKit.swift",
        "repositoryURL": "https://github.com/keyvariable/kvKit.swift.git",
        "state": {
          "branch": null,
          "revision": "9cca9fd506d9399a5ea3609c34ec720f2cf51745",
          "version": "4.3.0"
        }
      },
      {
        "package": "kvSIMD.swift",
        "repositoryURL": "https://github.com/keyvariable/kvSIMD.swift.git",
        "state": {
          "branch": null,
          "revision": "4fe01887d947e65fa97ed473b4d5c370045f68af",
          "version": "1.0.2"
        }
      }
    ]
  },
  "version": 1
}
